
Microsoft Visual Studio Solution File, Format Version 12.00
# Visual Studio Version 17
VisualStudioVersion = 17.7.34003.232
MinimumVisualStudioVersion = 10.0.40219.1
Project("{FAE04EC0-301F-11D3-BF4B-00C04F79EFBC}") = "Parameters", "Parameters\Parameters.csproj", "{E484DBEF-8AE7-4B50-B9DC-C0E04BE10F90}"
EndProject
Project("{FAE04EC0-301F-11D3-BF4B-00C04F79EFBC}") = "ConsoleApp1", "ConsoleApp1\ConsoleApp1.csproj", "{591D1C28-80BA-44D3-B4F2-DDE139AACAFA}"
EndProject
Global
	GlobalSection(SolutionConfigurationPlatforms) = preSolution
		Debug|Any CPU = Debug|Any CPU
		Release|Any CPU = Release|Any CPU
	EndGlobalSection
	GlobalSection(ProjectConfigurationPlatforms) = postSolution
		{E484DBEF-8AE7-4B50-B9DC-C0E04BE10F90}.Debug|Any CPU.ActiveCfg = Debug|Any CPU
		{E484DBEF-8AE7-4B50-B9DC-C0E04BE10F90}.Debug|Any CPU.Build.0 = Debug|Any CPU
		{E484DBEF-8AE7-4B50-B9DC-C0E04BE10F90}.Release|Any CPU.ActiveCfg = Release|Any CPU
		{E484DBEF-8AE7-4B50-B9DC-C0E04BE10F90}.Release|Any CPU.Build.0 = Release|Any CPU
		{591D1C28-80BA-44D3-B4F2-DDE139AACAFA}.Debug|Any CPU.ActiveCfg = Debug|Any CPU
		{591D1C28-80BA-44D3-B4F2-DDE139AACAFA}.Debug|Any CPU.Build.0 = Debug|Any CPU
		{591D1C28-80BA-44D3-B4F2-DDE139AACAFA}.Release|Any CPU.ActiveCfg = Release|Any CPU
		{591D1C28-80BA-44D3-B4F2-DDE139AACAFA}.Release|Any CPU.Build.0 = Release|Any CPU
	EndGlobalSection
	GlobalSection(SolutionProperties) = preSolution
		HideSolutionNode = FALSE
	EndGlobalSection
	GlobalSection(ExtensibilityGlobals) = postSolution
		SolutionGuid = {DD28EFC6-431A-4FD2-AC76-722B48B3A123}
	EndGlobalSection
EndGlobal
